// !$*UTF8*$!
{
	archiveVersion = 1;
	classes = {
	};
	objectVersion = 50;
	objects = {

/* Begin PBXBuildFile section */
		E437469424FB3060008023AD /* WeatherManager.swift in Sources */ = {isa = PBXBuildFile; fileRef = E437469324FB3060008023AD /* WeatherManager.swift */; };
		E472B70E24AB48BF00385438 /* AppDelegate.swift in Sources */ = {isa = PBXBuildFile; fileRef = E472B70D24AB48BF00385438 /* AppDelegate.swift */; };
		E472B71024AB48BF00385438 /* SceneDelegate.swift in Sources */ = {isa = PBXBuildFile; fileRef = E472B70F24AB48BF00385438 /* SceneDelegate.swift */; };
		E472B71224AB48BF00385438 /* WeatherViewController.swift in Sources */ = {isa = PBXBuildFile; fileRef = E472B71124AB48BF00385438 /* WeatherViewController.swift */; };
		E472B71524AB48BF00385438 /* Main.storyboard in Resources */ = {isa = PBXBuildFile; fileRef = E472B71324AB48BF00385438 /* Main.storyboard */; };
		E472B71724AB48C100385438 /* Assets.xcassets in Resources */ = {isa = PBXBuildFile; fileRef = E472B71624AB48C100385438 /* Assets.xcassets */; };
		E472B71A24AB48C100385438 /* LaunchScreen.storyboard in Resources */ = {isa = PBXBuildFile; fileRef = E472B71824AB48C100385438 /* LaunchScreen.storyboard */; };
/* End PBXBuildFile section */

/* Begin PBXFileReference section */
		E437469324FB3060008023AD /* WeatherManager.swift */ = {isa = PBXFileReference; lastKnownFileType = sourcecode.swift; path = WeatherManager.swift; sourceTree = "<group>"; };
		E472B70A24AB48BF00385438 /* Climba.app */ = {isa = PBXFileReference; explicitFileType = wrapper.application; includeInIndex = 0; path = Climba.app; sourceTree = BUILT_PRODUCTS_DIR; };
		E472B70D24AB48BF00385438 /* AppDelegate.swift */ = {isa = PBXFileReference; lastKnownFileType = sourcecode.swift; path = AppDelegate.swift; sourceTree = "<group>"; };
		E472B70F24AB48BF00385438 /* SceneDelegate.swift */ = {isa = PBXFileReference; lastKnownFileType = sourcecode.swift; path = SceneDelegate.swift; sourceTree = "<group>"; };
		E472B71124AB48BF00385438 /* WeatherViewController.swift */ = {isa = PBXFileReference; lastKnownFileType = sourcecode.swift; path = WeatherViewController.swift; sourceTree = "<group>"; };
		E472B71424AB48BF00385438 /* Base */ = {isa = PBXFileReference; lastKnownFileType = file.storyboard; name = Base; path = Base.lproj/Main.storyboard; sourceTree = "<group>"; };
		E472B71624AB48C100385438 /* Assets.xcassets */ = {isa = PBXFileReference; lastKnownFileType = folder.assetcatalog; path = Assets.xcassets; sourceTree = "<group>"; };
		E472B71924AB48C100385438 /* Base */ = {isa = PBXFileReference; lastKnownFileType = file.storyboard; name = Base; path = Base.lproj/LaunchScreen.storyboard; sourceTree = "<group>"; };
		E472B71B24AB48C100385438 /* Info.plist */ = {isa = PBXFileReference; lastKnownFileType = text.plist.xml; path = Info.plist; sourceTree = "<group>"; };
/* End PBXFileReference section */

/* Begin PBXFrameworksBuildPhase section */
		E472B70724AB48BF00385438 /* Frameworks */ = {
			isa = PBXFrameworksBuildPhase;
			buildActionMask = 2147483647;
			files = (
			);
			runOnlyForDeploymentPostprocessing = 0;
		};
/* End PBXFrameworksBuildPhase section */

/* Begin PBXGroup section */
		E437469024FB3017008023AD /* View */ = {
			isa = PBXGroup;
			children = (
				E472B71324AB48BF00385438 /* Main.storyboard */,
				E472B71624AB48C100385438 /* Assets.xcassets */,
				E472B71824AB48C100385438 /* LaunchScreen.storyboard */,
			);
			path = View;
			sourceTree = "<group>";
		};
		E437469124FB3022008023AD /* Controller */ = {
			isa = PBXGroup;
			children = (
				E472B70F24AB48BF00385438 /* SceneDelegate.swift */,
				E472B70D24AB48BF00385438 /* AppDelegate.swift */,
				E472B71124AB48BF00385438 /* WeatherViewController.swift */,
			);
			path = Controller;
			sourceTree = "<group>";
		};
		E437469224FB303A008023AD /* Model */ = {
			isa = PBXGroup;
			children = (
				E437469324FB3060008023AD /* WeatherManager.swift */,
			);
			path = Model;
			sourceTree = "<group>";
		};
		E472B70124AB48BF00385438 = {
			isa = PBXGroup;
			children = (
				E472B70C24AB48BF00385438 /* Climba */,
				E472B70B24AB48BF00385438 /* Products */,
			);
			sourceTree = "<group>";
		};
		E472B70B24AB48BF00385438 /* Products */ = {
			isa = PBXGroup;
			children = (
				E472B70A24AB48BF00385438 /* Climba.app */,
			);
			name = Products;
			sourceTree = "<group>";
		};
		E472B70C24AB48BF00385438 /* Climba */ = {
			isa = PBXGroup;
			children = (
				E437469224FB303A008023AD /* Model */,
				E437469124FB3022008023AD /* Controller */,
				E437469024FB3017008023AD /* View */,
				E472B71B24AB48C100385438 /* Info.plist */,
			);
			path = Climba;
			sourceTree = "<group>";
		};
/* End PBXGroup section */

/* Begin PBXNativeTarget section */
		E472B70924AB48BF00385438 /* Climba */ = {
			isa = PBXNativeTarget;
			buildConfigurationList = E472B71E24AB48C100385438 /* Build configuration list for PBXNativeTarget "Climba" */;
			buildPhases = (
				E472B70624AB48BF00385438 /* Sources */,
				E472B70724AB48BF00385438 /* Frameworks */,
				E472B70824AB48BF00385438 /* Resources */,
			);
			buildRules = (
			);
			dependencies = (
			);
			name = Climba;
			productName = Climba;
			productReference = E472B70A24AB48BF00385438 /* Climba.app */;
			productType = "com.apple.product-type.application";
		};
/* End PBXNativeTarget section */

/* Begin PBXProject section */
		E472B70224AB48BF00385438 /* Project object */ = {
			isa = PBXProject;
			attributes = {
				LastSwiftUpdateCheck = 1150;
				LastUpgradeCheck = 1150;
				ORGANIZATIONNAME = "Soni Suman";
				TargetAttributes = {
					E472B70924AB48BF00385438 = {
						CreatedOnToolsVersion = 11.5;
					};
				};
			};
			buildConfigurationList = E472B70524AB48BF00385438 /* Build configuration list for PBXProject "Climba" */;
			compatibilityVersion = "Xcode 9.3";
			developmentRegion = en;
			hasScannedForEncodings = 0;
			knownRegions = (
				en,
				Base,
			);
			mainGroup = E472B70124AB48BF00385438;
			productRefGroup = E472B70B24AB48BF00385438 /* Products */;
			projectDirPath = "";
			projectRoot = "";
			targets = (
				E472B70924AB48BF00385438 /* Climba */,
			);
		};
/* End PBXProject section */

/* Begin PBXResourcesBuildPhase section */
		E472B70824AB48BF00385438 /* Resources */ = {
			isa = PBXResourcesBuildPhase;
			buildActionMask = 2147483647;
			files = (
				E472B71A24AB48C100385438 /* LaunchScreen.storyboard in Resources */,
				E472B71724AB48C100385438 /* Assets.xcassets in Resources */,
				E472B71524AB48BF00385438 /* Main.storyboard in Resources */,
			);
			runOnlyForDeploymentPostprocessing = 0;
		};
/* End PBXResourcesBuildPhase section */

/* Begin PBXSourcesBuildPhase section */
		E472B70624AB48BF00385438 /* Sources */ = {
			isa = PBXSourcesBuildPhase;
			buildActionMask = 2147483647;
			files = (
				E472B71224AB48BF00385438 /* WeatherViewController.swift in Sources */,
				E472B70E24AB48BF00385438 /* AppDelegate.swift in Sources */,
				E437469424FB3060008023AD /* WeatherManager.swift in Sources */,
				E472B71024AB48BF00385438 /* SceneDelegate.swift in Sources */,
			);
			runOnlyForDeploymentPostprocessing = 0;
		};
/* End PBXSourcesBuildPhase section */

/* Begin PBXVariantGroup section */
		E472B71324AB48BF00385438 /* Main.storyboard */ = {
			isa = PBXVariantGroup;
			children = (
				E472B71424AB48BF00385438 /* Base */,
			);
			name = Main.storyboard;
			sourceTree = "<group>";
		};
		E472B71824AB48C100385438 /* LaunchScreen.storyboard */ = {
			isa = PBXVariantGroup;
			children = (
				E472B71924AB48C100385438 /* Base */,
			);
			name = LaunchScreen.storyboard;
			sourceTree = "<group>";
		};
/* End PBXVariantGroup section */

/* Begin XCBuildConfiguration section */
		E472B71C24AB48C100385438 /* Debug */ = {
			isa = XCBuildConfiguration;
			buildSettings = {
				ALWAYS_SEARCH_USER_PATHS = NO;
				CLANG_ANALYZER_NONNULL = YES;
				CLANG_ANALYZER_NUMBER_OBJECT_CONVERSION = YES_AGGRESSIVE;
				CLANG_CXX_LANGUAGE_STANDARD = "gnu++14";
				CLANG_CXX_LIBRARY = "libc++";
				CLANG_ENABLE_MODULES = YES;
				CLANG_ENABLE_OBJC_ARC = YES;
				CLANG_ENABLE_OBJC_WEAK = YES;
				CLANG_WARN_BLOCK_CAPTURE_AUTORELEASING = YES;
				CLANG_WARN_BOOL_CONVERSION = YES;
				CLANG_WARN_COMMA = YES;
				CLANG_WARN_CONSTANT_CONVERSION = YES;
				CLANG_WARN_DEPRECATED_OBJC_IMPLEMENTATIONS = YES;
				CLANG_WARN_DIRECT_OBJC_ISA_USAGE = YES_ERROR;
				CLANG_WARN_DOCUMENTATION_COMMENTS = YES;
				CLANG_WARN_EMPTY_BODY = YES;
				CLANG_WARN_ENUM_CONVERSION = YES;
				CLANG_WARN_INFINITE_RECURSION = YES;
				CLANG_WARN_INT_CONVERSION = YES;
				CLANG_WARN_NON_LITERAL_NULL_CONVERSION = YES;
				CLANG_WARN_OBJC_IMPLICIT_RETAIN_SELF = YES;
				CLANG_WARN_OBJC_LITERAL_CONVERSION = YES;
				CLANG_WARN_OBJC_ROOT_CLASS = YES_ERROR;
				CLANG_WARN_RANGE_LOOP_ANALYSIS = YES;
				CLANG_WARN_STRICT_PROTOTYPES = YES;
				CLANG_WARN_SUSPICIOUS_MOVE = YES;
				CLANG_WARN_UNGUARDED_AVAILABILITY = YES_AGGRESSIVE;
				CLANG_WARN_UNREACHABLE_CODE = YES;
				CLANG_WARN__DUPLICATE_METHOD_MATCH = YES;
				COPY_PHASE_STRIP = NO;
				DEBUG_INFORMATION_FORMAT = dwarf;
				ENABLE_STRICT_OBJC_MSGSEND = YES;
				ENABLE_TESTABILITY = YES;
				GCC_C_LANGUAGE_STANDARD = gnu11;
				GCC_DYNAMIC_NO_PIC = NO;
				GCC_NO_COMMON_BLOCKS = YES;
				GCC_OPTIMIZATION_LEVEL = 0;
				GCC_PREPROCESSOR_DEFINITIONS = (
					"DEBUG=1",
					"$(inherited)",
				);
				GCC_WARN_64_TO_32_BIT_CONVERSION = YES;
				GCC_WARN_ABOUT_RETURN_TYPE = YES_ERROR;
				GCC_WARN_UNDECLARED_SELECTOR = YES;
				GCC_WARN_UNINITIALIZED_AUTOS = YES_AGGRESSIVE;
				GCC_WARN_UNUSED_FUNCTION = YES;
				GCC_WARN_UNUSED_VARIABLE = YES;
				IPHONEOS_DEPLOYMENT_TARGET = 13.5;
				MTL_ENABLE_DEBUG_INFO = INCLUDE_SOURCE;
				MTL_FAST_MATH = YES;
				ONLY_ACTIVE_ARCH = YES;
				SDKROOT = iphoneos;
				SWIFT_ACTIVE_COMPILATION_CONDITIONS = DEBUG;
				SWIFT_OPTIMIZATION_LEVEL = "-Onone";
			};
			name = Debug;
		};
		E472B71D24AB48C100385438 /* Release */ = {
			isa = XCBuildConfiguration;
			buildSettings = {
				ALWAYS_SEARCH_USER_PATHS = NO;
				CLANG_ANALYZER_NONNULL = YES;
				CLANG_ANALYZER_NUMBER_OBJECT_CONVERSION = YES_AGGRESSIVE;
				CLANG_CXX_LANGUAGE_STANDARD = "gnu++14";
				CLANG_CXX_LIBRARY = "libc++";
				CLANG_ENABLE_MODULES = YES;
				CLANG_ENABLE_OBJC_ARC = YES;
				CLANG_ENABLE_OBJC_WEAK = YES;
				CLANG_WARN_BLOCK_CAPTURE_AUTORELEASING = YES;
				CLANG_WARN_BOOL_CONVERSION = YES;
				CLANG_WARN_COMMA = YES;
				CLANG_WARN_CONSTANT_CONVERSION = YES;
				CLANG_WARN_DEPRECATED_OBJC_IMPLEMENTATIONS = YES;
				CLANG_WARN_DIRECT_OBJC_ISA_USAGE = YES_ERROR;
				CLANG_WARN_DOCUMENTATION_COMMENTS = YES;
				CLANG_WARN_EMPTY_BODY = YES;
				CLANG_WARN_ENUM_CONVERSION = YES;
				CLANG_WARN_INFINITE_RECURSION = YES;
				CLANG_WARN_INT_CONVERSION = YES;
				CLANG_WARN_NON_LITERAL_NULL_CONVERSION = YES;
				CLANG_WARN_OBJC_IMPLICIT_RETAIN_SELF = YES;
				CLANG_WARN_OBJC_LITERAL_CONVERSION = YES;
				CLANG_WARN_OBJC_ROOT_CLASS = YES_ERROR;
				CLANG_WARN_RANGE_LOOP_ANALYSIS = YES;
				CLANG_WARN_STRICT_PROTOTYPES = YES;
				CLANG_WARN_SUSPICIOUS_MOVE = YES;
				CLANG_WARN_UNGUARDED_AVAILABILITY = YES_AGGRESSIVE;
				CLANG_WARN_UNREACHABLE_CODE = YES;
				CLANG_WARN__DUPLICATE_METHOD_MATCH = YES;
				COPY_PHASE_STRIP = NO;
				DEBUG_INFORMATION_FORMAT = "dwarf-with-dsym";
				ENABLE_NS_ASSERTIONS = NO;
				ENABLE_STRICT_OBJC_MSGSEND = YES;
				GCC_C_LANGUAGE_STANDARD = gnu11;
				GCC_NO_COMMON_BLOCKS = YES;
				GCC_WARN_64_TO_32_BIT_CONVERSION = YES;
				GCC_WARN_ABOUT_RETURN_TYPE = YES_ERROR;
				GCC_WARN_UNDECLARED_SELECTOR = YES;
				GCC_WARN_UNINITIALIZED_AUTOS = YES_AGGRESSIVE;
				GCC_WARN_UNUSED_FUNCTION = YES;
				GCC_WARN_UNUSED_VARIABLE = YES;
				IPHONEOS_DEPLOYMENT_TARGET = 13.5;
				MTL_ENABLE_DEBUG_INFO = NO;
				MTL_FAST_MATH = YES;
				SDKROOT = iphoneos;
				SWIFT_COMPILATION_MODE = wholemodule;
				SWIFT_OPTIMIZATION_LEVEL = "-O";
				VALIDATE_PRODUCT = YES;
			};
			name = Release;
		};
		E472B71F24AB48C100385438 /* Debug */ = {
			isa = XCBuildConfiguration;
			buildSettings = {
				ASSETCATALOG_COMPILER_APPICON_NAME = AppIcon;
				CODE_SIGN_STYLE = Automatic;
				INFOPLIST_FILE = Climba/Info.plist;
				IPHONEOS_DEPLOYMENT_TARGET = 13.0;
				LD_RUNPATH_SEARCH_PATHS = (
					"$(inherited)",
					"@executable_path/Frameworks",
				);
				PRODUCT_BUNDLE_IDENTIFIER = com.sonisuman.Climba;
				PRODUCT_NAME = "$(TARGET_NAME)";
				SWIFT_VERSION = 5.0;
				TARGETED_DEVICE_FAMILY = "1,2";
			};
			name = Debug;
		};
		E472B72024AB48C100385438 /* Release */ = {
			isa = XCBuildConfiguration;
			buildSettings = {
				ASSETCATALOG_COMPILER_APPICON_NAME = AppIcon;
				CODE_SIGN_STYLE = Automatic;
				INFOPLIST_FILE = Climba/Info.plist;
				IPHONEOS_DEPLOYMENT_TARGET = 13.0;
				LD_RUNPATH_SEARCH_PATHS = (
					"$(inherited)",
					"@executable_path/Frameworks",
				);
				PRODUCT_BUNDLE_IDENTIFIER = com.sonisuman.Climba;
				PRODUCT_NAME = "$(TARGET_NAME)";
				SWIFT_VERSION = 5.0;
				TARGETED_DEVICE_FAMILY = "1,2";
			};
			name = Release;
		};
/* End XCBuildConfiguration section */

/* Begin XCConfigurationList section */
		E472B70524AB48BF00385438 /* Build configuration list for PBXProject "Climba" */ = {
			isa = XCConfigurationList;
			buildConfigurations = (
				E472B71C24AB48C100385438 /* Debug */,
				E472B71D24AB48C100385438 /* Release */,
			);
			defaultConfigurationIsVisible = 0;
			defaultConfigurationName = Release;
		};
		E472B71E24AB48C100385438 /* Build configuration list for PBXNativeTarget "Climba" */ = {
			isa = XCConfigurationList;
			buildConfigurations = (
				E472B71F24AB48C100385438 /* Debug */,
				E472B72024AB48C100385438 /* Release */,
			);
			defaultConfigurationIsVisible = 0;
			defaultConfigurationName = Release;
		};
/* End XCConfigurationList section */
	};
	rootObject = E472B70224AB48BF00385438 /* Project object */;
}
