// !$*UTF8*$!
{
	archiveVersion = 1;
	classes = {
	};
	objectVersion = 50;
	objects = {

/* Begin PBXBuildFile section */
		E49B5EF1265853C700B34CFF /* AppDelegate.swift in Sources */ = {isa = PBXBuildFile; fileRef = E49B5EF0265853C700B34CFF /* AppDelegate.swift */; };
		E49B5EF3265853C700B34CFF /* SceneDelegate.swift in Sources */ = {isa = PBXBuildFile; fileRef = E49B5EF2265853C700B34CFF /* SceneDelegate.swift */; };
		E49B5EF5265853C700B34CFF /* ViewController.swift in Sources */ = {isa = PBXBuildFile; fileRef = E49B5EF4265853C700B34CFF /* ViewController.swift */; };
		E49B5EF8265853C700B34CFF /* Main.storyboard in Resources */ = {isa = PBXBuildFile; fileRef = E49B5EF6265853C700B34CFF /* Main.storyboard */; };
		E49B5EFB265853C700B34CFF /* Climba.xcdatamodeld in Sources */ = {isa = PBXBuildFile; fileRef = E49B5EF9265853C700B34CFF /* Climba.xcdatamodeld */; };
		E49B5EFD265853CC00B34CFF /* Assets.xcassets in Resources */ = {isa = PBXBuildFile; fileRef = E49B5EFC265853CC00B34CFF /* Assets.xcassets */; };
		E49B5F00265853CC00B34CFF /* LaunchScreen.storyboard in Resources */ = {isa = PBXBuildFile; fileRef = E49B5EFE265853CC00B34CFF /* LaunchScreen.storyboard */; };
		E49B5F0B265853CC00B34CFF /* ClimbaTests.swift in Sources */ = {isa = PBXBuildFile; fileRef = E49B5F0A265853CC00B34CFF /* ClimbaTests.swift */; };
		E49B5F16265853CC00B34CFF /* ClimbaUITests.swift in Sources */ = {isa = PBXBuildFile; fileRef = E49B5F15265853CC00B34CFF /* ClimbaUITests.swift */; };
/* End PBXBuildFile section */

/* Begin PBXContainerItemProxy section */
		E49B5F07265853CC00B34CFF /* PBXContainerItemProxy */ = {
			isa = PBXContainerItemProxy;
			containerPortal = E49B5EE5265853C700B34CFF /* Project object */;
			proxyType = 1;
			remoteGlobalIDString = E49B5EEC265853C700B34CFF;
			remoteInfo = Climba;
		};
		E49B5F12265853CC00B34CFF /* PBXContainerItemProxy */ = {
			isa = PBXContainerItemProxy;
			containerPortal = E49B5EE5265853C700B34CFF /* Project object */;
			proxyType = 1;
			remoteGlobalIDString = E49B5EEC265853C700B34CFF;
			remoteInfo = Climba;
		};
/* End PBXContainerItemProxy section */

/* Begin PBXFileReference section */
		E49B5EED265853C700B34CFF /* Climba.app */ = {isa = PBXFileReference; explicitFileType = wrapper.application; includeInIndex = 0; path = Climba.app; sourceTree = BUILT_PRODUCTS_DIR; };
		E49B5EF0265853C700B34CFF /* AppDelegate.swift */ = {isa = PBXFileReference; lastKnownFileType = sourcecode.swift; path = AppDelegate.swift; sourceTree = "<group>"; };
		E49B5EF2265853C700B34CFF /* SceneDelegate.swift */ = {isa = PBXFileReference; lastKnownFileType = sourcecode.swift; path = SceneDelegate.swift; sourceTree = "<group>"; };
		E49B5EF4265853C700B34CFF /* ViewController.swift */ = {isa = PBXFileReference; lastKnownFileType = sourcecode.swift; path = ViewController.swift; sourceTree = "<group>"; };
		E49B5EF7265853C700B34CFF /* Base */ = {isa = PBXFileReference; lastKnownFileType = file.storyboard; name = Base; path = Base.lproj/Main.storyboard; sourceTree = "<group>"; };
		E49B5EFA265853C700B34CFF /* Climba.xcdatamodel */ = {isa = PBXFileReference; lastKnownFileType = wrapper.xcdatamodel; path = Climba.xcdatamodel; sourceTree = "<group>"; };
		E49B5EFC265853CC00B34CFF /* Assets.xcassets */ = {isa = PBXFileReference; lastKnownFileType = folder.assetcatalog; path = Assets.xcassets; sourceTree = "<group>"; };
		E49B5EFF265853CC00B34CFF /* Base */ = {isa = PBXFileReference; lastKnownFileType = file.storyboard; name = Base; path = Base.lproj/LaunchScreen.storyboard; sourceTree = "<group>"; };
		E49B5F01265853CC00B34CFF /* Info.plist */ = {isa = PBXFileReference; lastKnownFileType = text.plist.xml; path = Info.plist; sourceTree = "<group>"; };
		E49B5F06265853CC00B34CFF /* ClimbaTests.xctest */ = {isa = PBXFileReference; explicitFileType = wrapper.cfbundle; includeInIndex = 0; path = ClimbaTests.xctest; sourceTree = BUILT_PRODUCTS_DIR; };
		E49B5F0A265853CC00B34CFF /* ClimbaTests.swift */ = {isa = PBXFileReference; lastKnownFileType = sourcecode.swift; path = ClimbaTests.swift; sourceTree = "<group>"; };
		E49B5F0C265853CC00B34CFF /* Info.plist */ = {isa = PBXFileReference; lastKnownFileType = text.plist.xml; path = Info.plist; sourceTree = "<group>"; };
		E49B5F11265853CC00B34CFF /* ClimbaUITests.xctest */ = {isa = PBXFileReference; explicitFileType = wrapper.cfbundle; includeInIndex = 0; path = ClimbaUITests.xctest; sourceTree = BUILT_PRODUCTS_DIR; };
		E49B5F15265853CC00B34CFF /* ClimbaUITests.swift */ = {isa = PBXFileReference; lastKnownFileType = sourcecode.swift; path = ClimbaUITests.swift; sourceTree = "<group>"; };
		E49B5F17265853CC00B34CFF /* Info.plist */ = {isa = PBXFileReference; lastKnownFileType = text.plist.xml; path = Info.plist; sourceTree = "<group>"; };
/* End PBXFileReference section */

/* Begin PBXFrameworksBuildPhase section */
		E49B5EEA265853C700B34CFF /* Frameworks */ = {
			isa = PBXFrameworksBuildPhase;
			buildActionMask = 2147483647;
			files = (
			);
			runOnlyForDeploymentPostprocessing = 0;
		};
		E49B5F03265853CC00B34CFF /* Frameworks */ = {
			isa = PBXFrameworksBuildPhase;
			buildActionMask = 2147483647;
			files = (
			);
			runOnlyForDeploymentPostprocessing = 0;
		};
		E49B5F0E265853CC00B34CFF /* Frameworks */ = {
			isa = PBXFrameworksBuildPhase;
			buildActionMask = 2147483647;
			files = (
			);
			runOnlyForDeploymentPostprocessing = 0;
		};
/* End PBXFrameworksBuildPhase section */

/* Begin PBXGroup section */
		E49B5EE4265853C700B34CFF = {
			isa = PBXGroup;
			children = (
				E49B5EEF265853C700B34CFF /* Climba */,
				E49B5F09265853CC00B34CFF /* ClimbaTests */,
				E49B5F14265853CC00B34CFF /* ClimbaUITests */,
				E49B5EEE265853C700B34CFF /* Products */,
			);
			sourceTree = "<group>";
		};
		E49B5EEE265853C700B34CFF /* Products */ = {
			isa = PBXGroup;
			children = (
				E49B5EED265853C700B34CFF /* Climba.app */,
				E49B5F06265853CC00B34CFF /* ClimbaTests.xctest */,
				E49B5F11265853CC00B34CFF /* ClimbaUITests.xctest */,
			);
			name = Products;
			sourceTree = "<group>";
		};
		E49B5EEF265853C700B34CFF /* Climba */ = {
			isa = PBXGroup;
			children = (
				E49B5F262658541500B34CFF /* Controller */,
				E49B5F252658540C00B34CFF /* Model */,
				E49B5F242658540200B34CFF /* View */,
				E49B5F23265853DE00B34CFF /* support */,
				E49B5F01265853CC00B34CFF /* Info.plist */,
			);
			path = Climba;
			sourceTree = "<group>";
		};
		E49B5F09265853CC00B34CFF /* ClimbaTests */ = {
			isa = PBXGroup;
			children = (
				E49B5F0A265853CC00B34CFF /* ClimbaTests.swift */,
				E49B5F0C265853CC00B34CFF /* Info.plist */,
			);
			path = ClimbaTests;
			sourceTree = "<group>";
		};
		E49B5F14265853CC00B34CFF /* ClimbaUITests */ = {
			isa = PBXGroup;
			children = (
				E49B5F15265853CC00B34CFF /* ClimbaUITests.swift */,
				E49B5F17265853CC00B34CFF /* Info.plist */,
			);
			path = ClimbaUITests;
			sourceTree = "<group>";
		};
		E49B5F23265853DE00B34CFF /* support */ = {
			isa = PBXGroup;
			children = (
				E49B5EF9265853C700B34CFF /* Climba.xcdatamodeld */,
				E49B5EFC265853CC00B34CFF /* Assets.xcassets */,
				E49B5EF0265853C700B34CFF /* AppDelegate.swift */,
				E49B5EF2265853C700B34CFF /* SceneDelegate.swift */,
			);
			path = support;
			sourceTree = "<group>";
		};
		E49B5F242658540200B34CFF /* View */ = {
			isa = PBXGroup;
			children = (
				E49B5EFE265853CC00B34CFF /* LaunchScreen.storyboard */,
				E49B5EF6265853C700B34CFF /* Main.storyboard */,
			);
			path = View;
			sourceTree = "<group>";
		};
		E49B5F252658540C00B34CFF /* Model */ = {
			isa = PBXGroup;
			children = (
			);
			path = Model;
			sourceTree = "<group>";
		};
		E49B5F262658541500B34CFF /* Controller */ = {
			isa = PBXGroup;
			children = (
				E49B5EF4265853C700B34CFF /* ViewController.swift */,
			);
			path = Controller;
			sourceTree = "<group>";
		};
/* End PBXGroup section */

/* Begin PBXNativeTarget section */
		E49B5EEC265853C700B34CFF /* Climba */ = {
			isa = PBXNativeTarget;
			buildConfigurationList = E49B5F1A265853CC00B34CFF /* Build configuration list for PBXNativeTarget "Climba" */;
			buildPhases = (
				E49B5EE9265853C700B34CFF /* Sources */,
				E49B5EEA265853C700B34CFF /* Frameworks */,
				E49B5EEB265853C700B34CFF /* Resources */,
			);
			buildRules = (
			);
			dependencies = (
			);
			name = Climba;
			productName = Climba;
			productReference = E49B5EED265853C700B34CFF /* Climba.app */;
			productType = "com.apple.product-type.application";
		};
		E49B5F05265853CC00B34CFF /* ClimbaTests */ = {
			isa = PBXNativeTarget;
			buildConfigurationList = E49B5F1D265853CC00B34CFF /* Build configuration list for PBXNativeTarget "ClimbaTests" */;
			buildPhases = (
				E49B5F02265853CC00B34CFF /* Sources */,
				E49B5F03265853CC00B34CFF /* Frameworks */,
				E49B5F04265853CC00B34CFF /* Resources */,
			);
			buildRules = (
			);
			dependencies = (
				E49B5F08265853CC00B34CFF /* PBXTargetDependency */,
			);
			name = ClimbaTests;
			productName = ClimbaTests;
			productReference = E49B5F06265853CC00B34CFF /* ClimbaTests.xctest */;
			productType = "com.apple.product-type.bundle.unit-test";
		};
		E49B5F10265853CC00B34CFF /* ClimbaUITests */ = {
			isa = PBXNativeTarget;
			buildConfigurationList = E49B5F20265853CC00B34CFF /* Build configuration list for PBXNativeTarget "ClimbaUITests" */;
			buildPhases = (
				E49B5F0D265853CC00B34CFF /* Sources */,
				E49B5F0E265853CC00B34CFF /* Frameworks */,
				E49B5F0F265853CC00B34CFF /* Resources */,
			);
			buildRules = (
			);
			dependencies = (
				E49B5F13265853CC00B34CFF /* PBXTargetDependency */,
			);
			name = ClimbaUITests;
			productName = ClimbaUITests;
			productReference = E49B5F11265853CC00B34CFF /* ClimbaUITests.xctest */;
			productType = "com.apple.product-type.bundle.ui-testing";
		};
/* End PBXNativeTarget section */

/* Begin PBXProject section */
		E49B5EE5265853C700B34CFF /* Project object */ = {
			isa = PBXProject;
			attributes = {
				LastSwiftUpdateCheck = 1250;
				LastUpgradeCheck = 1250;
				TargetAttributes = {
					E49B5EEC265853C700B34CFF = {
						CreatedOnToolsVersion = 12.5;
					};
					E49B5F05265853CC00B34CFF = {
						CreatedOnToolsVersion = 12.5;
						TestTargetID = E49B5EEC265853C700B34CFF;
					};
					E49B5F10265853CC00B34CFF = {
						CreatedOnToolsVersion = 12.5;
						TestTargetID = E49B5EEC265853C700B34CFF;
					};
				};
			};
			buildConfigurationList = E49B5EE8265853C700B34CFF /* Build configuration list for PBXProject "Climba" */;
			compatibilityVersion = "Xcode 9.3";
			developmentRegion = en;
			hasScannedForEncodings = 0;
			knownRegions = (
				en,
				Base,
			);
			mainGroup = E49B5EE4265853C700B34CFF;
			productRefGroup = E49B5EEE265853C700B34CFF /* Products */;
			projectDirPath = "";
			projectRoot = "";
			targets = (
				E49B5EEC265853C700B34CFF /* Climba */,
				E49B5F05265853CC00B34CFF /* ClimbaTests */,
				E49B5F10265853CC00B34CFF /* ClimbaUITests */,
			);
		};
/* End PBXProject section */

/* Begin PBXResourcesBuildPhase section */
		E49B5EEB265853C700B34CFF /* Resources */ = {
			isa = PBXResourcesBuildPhase;
			buildActionMask = 2147483647;
			files = (
				E49B5F00265853CC00B34CFF /* LaunchScreen.storyboard in Resources */,
				E49B5EFD265853CC00B34CFF /* Assets.xcassets in Resources */,
				E49B5EF8265853C700B34CFF /* Main.storyboard in Resources */,
			);
			runOnlyForDeploymentPostprocessing = 0;
		};
		E49B5F04265853CC00B34CFF /* Resources */ = {
			isa = PBXResourcesBuildPhase;
			buildActionMask = 2147483647;
			files = (
			);
			runOnlyForDeploymentPostprocessing = 0;
		};
		E49B5F0F265853CC00B34CFF /* Resources */ = {
			isa = PBXResourcesBuildPhase;
			buildActionMask = 2147483647;
			files = (
			);
			runOnlyForDeploymentPostprocessing = 0;
		};
/* End PBXResourcesBuildPhase section */

/* Begin PBXSourcesBuildPhase section */
		E49B5EE9265853C700B34CFF /* Sources */ = {
			isa = PBXSourcesBuildPhase;
			buildActionMask = 2147483647;
			files = (
				E49B5EF5265853C700B34CFF /* ViewController.swift in Sources */,
				E49B5EF1265853C700B34CFF /* AppDelegate.swift in Sources */,
				E49B5EF3265853C700B34CFF /* SceneDelegate.swift in Sources */,
				E49B5EFB265853C700B34CFF /* Climba.xcdatamodeld in Sources */,
			);
			runOnlyForDeploymentPostprocessing = 0;
		};
		E49B5F02265853CC00B34CFF /* Sources */ = {
			isa = PBXSourcesBuildPhase;
			buildActionMask = 2147483647;
			files = (
				E49B5F0B265853CC00B34CFF /* ClimbaTests.swift in Sources */,
			);
			runOnlyForDeploymentPostprocessing = 0;
		};
		E49B5F0D265853CC00B34CFF /* Sources */ = {
			isa = PBXSourcesBuildPhase;
			buildActionMask = 2147483647;
			files = (
				E49B5F16265853CC00B34CFF /* ClimbaUITests.swift in Sources */,
			);
			runOnlyForDeploymentPostprocessing = 0;
		};
/* End PBXSourcesBuildPhase section */

/* Begin PBXTargetDependency section */
		E49B5F08265853CC00B34CFF /* PBXTargetDependency */ = {
			isa = PBXTargetDependency;
			target = E49B5EEC265853C700B34CFF /* Climba */;
			targetProxy = E49B5F07265853CC00B34CFF /* PBXContainerItemProxy */;
		};
		E49B5F13265853CC00B34CFF /* PBXTargetDependency */ = {
			isa = PBXTargetDependency;
			target = E49B5EEC265853C700B34CFF /* Climba */;
			targetProxy = E49B5F12265853CC00B34CFF /* PBXContainerItemProxy */;
		};
/* End PBXTargetDependency section */

/* Begin PBXVariantGroup section */
		E49B5EF6265853C700B34CFF /* Main.storyboard */ = {
			isa = PBXVariantGroup;
			children = (
				E49B5EF7265853C700B34CFF /* Base */,
			);
			name = Main.storyboard;
			sourceTree = "<group>";
		};
		E49B5EFE265853CC00B34CFF /* LaunchScreen.storyboard */ = {
			isa = PBXVariantGroup;
			children = (
				E49B5EFF265853CC00B34CFF /* Base */,
			);
			name = LaunchScreen.storyboard;
			sourceTree = "<group>";
		};
/* End PBXVariantGroup section */

/* Begin XCBuildConfiguration section */
		E49B5F18265853CC00B34CFF /* Debug */ = {
			isa = XCBuildConfiguration;
			buildSettings = {
				ALWAYS_SEARCH_USER_PATHS = NO;
				CLANG_ANALYZER_NONNULL = YES;
				CLANG_ANALYZER_NUMBER_OBJECT_CONVERSION = YES_AGGRESSIVE;
				CLANG_CXX_LANGUAGE_STANDARD = "gnu++14";
				CLANG_CXX_LIBRARY = "libc++";
				CLANG_ENABLE_MODULES = YES;
				CLANG_ENABLE_OBJC_ARC = YES;
				CLANG_ENABLE_OBJC_WEAK = YES;
				CLANG_WARN_BLOCK_CAPTURE_AUTORELEASING = YES;
				CLANG_WARN_BOOL_CONVERSION = YES;
				CLANG_WARN_COMMA = YES;
				CLANG_WARN_CONSTANT_CONVERSION = YES;
				CLANG_WARN_DEPRECATED_OBJC_IMPLEMENTATIONS = YES;
				CLANG_WARN_DIRECT_OBJC_ISA_USAGE = YES_ERROR;
				CLANG_WARN_DOCUMENTATION_COMMENTS = YES;
				CLANG_WARN_EMPTY_BODY = YES;
				CLANG_WARN_ENUM_CONVERSION = YES;
				CLANG_WARN_INFINITE_RECURSION = YES;
				CLANG_WARN_INT_CONVERSION = YES;
				CLANG_WARN_NON_LITERAL_NULL_CONVERSION = YES;
				CLANG_WARN_OBJC_IMPLICIT_RETAIN_SELF = YES;
				CLANG_WARN_OBJC_LITERAL_CONVERSION = YES;
				CLANG_WARN_OBJC_ROOT_CLASS = YES_ERROR;
				CLANG_WARN_QUOTED_INCLUDE_IN_FRAMEWORK_HEADER = YES;
				CLANG_WARN_RANGE_LOOP_ANALYSIS = YES;
				CLANG_WARN_STRICT_PROTOTYPES = YES;
				CLANG_WARN_SUSPICIOUS_MOVE = YES;
				CLANG_WARN_UNGUARDED_AVAILABILITY = YES_AGGRESSIVE;
				CLANG_WARN_UNREACHABLE_CODE = YES;
				CLANG_WARN__DUPLICATE_METHOD_MATCH = YES;
				COPY_PHASE_STRIP = NO;
				DEBUG_INFORMATION_FORMAT = dwarf;
				ENABLE_STRICT_OBJC_MSGSEND = YES;
				ENABLE_TESTABILITY = YES;
				GCC_C_LANGUAGE_STANDARD = gnu11;
				GCC_DYNAMIC_NO_PIC = NO;
				GCC_NO_COMMON_BLOCKS = YES;
				GCC_OPTIMIZATION_LEVEL = 0;
				GCC_PREPROCESSOR_DEFINITIONS = (
					"DEBUG=1",
					"$(inherited)",
				);
				GCC_WARN_64_TO_32_BIT_CONVERSION = YES;
				GCC_WARN_ABOUT_RETURN_TYPE = YES_ERROR;
				GCC_WARN_UNDECLARED_SELECTOR = YES;
				GCC_WARN_UNINITIALIZED_AUTOS = YES_AGGRESSIVE;
				GCC_WARN_UNUSED_FUNCTION = YES;
				GCC_WARN_UNUSED_VARIABLE = YES;
				IPHONEOS_DEPLOYMENT_TARGET = 14.5;
				MTL_ENABLE_DEBUG_INFO = INCLUDE_SOURCE;
				MTL_FAST_MATH = YES;
				ONLY_ACTIVE_ARCH = YES;
				SDKROOT = iphoneos;
				SWIFT_ACTIVE_COMPILATION_CONDITIONS = DEBUG;
				SWIFT_OPTIMIZATION_LEVEL = "-Onone";
			};
			name = Debug;
		};
		E49B5F19265853CC00B34CFF /* Release */ = {
			isa = XCBuildConfiguration;
			buildSettings = {
				ALWAYS_SEARCH_USER_PATHS = NO;
				CLANG_ANALYZER_NONNULL = YES;
				CLANG_ANALYZER_NUMBER_OBJECT_CONVERSION = YES_AGGRESSIVE;
				CLANG_CXX_LANGUAGE_STANDARD = "gnu++14";
				CLANG_CXX_LIBRARY = "libc++";
				CLANG_ENABLE_MODULES = YES;
				CLANG_ENABLE_OBJC_ARC = YES;
				CLANG_ENABLE_OBJC_WEAK = YES;
				CLANG_WARN_BLOCK_CAPTURE_AUTORELEASING = YES;
				CLANG_WARN_BOOL_CONVERSION = YES;
				CLANG_WARN_COMMA = YES;
				CLANG_WARN_CONSTANT_CONVERSION = YES;
				CLANG_WARN_DEPRECATED_OBJC_IMPLEMENTATIONS = YES;
				CLANG_WARN_DIRECT_OBJC_ISA_USAGE = YES_ERROR;
				CLANG_WARN_DOCUMENTATION_COMMENTS = YES;
				CLANG_WARN_EMPTY_BODY = YES;
				CLANG_WARN_ENUM_CONVERSION = YES;
				CLANG_WARN_INFINITE_RECURSION = YES;
				CLANG_WARN_INT_CONVERSION = YES;
				CLANG_WARN_NON_LITERAL_NULL_CONVERSION = YES;
				CLANG_WARN_OBJC_IMPLICIT_RETAIN_SELF = YES;
				CLANG_WARN_OBJC_LITERAL_CONVERSION = YES;
				CLANG_WARN_OBJC_ROOT_CLASS = YES_ERROR;
				CLANG_WARN_QUOTED_INCLUDE_IN_FRAMEWORK_HEADER = YES;
				CLANG_WARN_RANGE_LOOP_ANALYSIS = YES;
				CLANG_WARN_STRICT_PROTOTYPES = YES;
				CLANG_WARN_SUSPICIOUS_MOVE = YES;
				CLANG_WARN_UNGUARDED_AVAILABILITY = YES_AGGRESSIVE;
				CLANG_WARN_UNREACHABLE_CODE = YES;
				CLANG_WARN__DUPLICATE_METHOD_MATCH = YES;
				COPY_PHASE_STRIP = NO;
				DEBUG_INFORMATION_FORMAT = "dwarf-with-dsym";
				ENABLE_NS_ASSERTIONS = NO;
				ENABLE_STRICT_OBJC_MSGSEND = YES;
				GCC_C_LANGUAGE_STANDARD = gnu11;
				GCC_NO_COMMON_BLOCKS = YES;
				GCC_WARN_64_TO_32_BIT_CONVERSION = YES;
				GCC_WARN_ABOUT_RETURN_TYPE = YES_ERROR;
				GCC_WARN_UNDECLARED_SELECTOR = YES;
				GCC_WARN_UNINITIALIZED_AUTOS = YES_AGGRESSIVE;
				GCC_WARN_UNUSED_FUNCTION = YES;
				GCC_WARN_UNUSED_VARIABLE = YES;
				IPHONEOS_DEPLOYMENT_TARGET = 14.5;
				MTL_ENABLE_DEBUG_INFO = NO;
				MTL_FAST_MATH = YES;
				SDKROOT = iphoneos;
				SWIFT_COMPILATION_MODE = wholemodule;
				SWIFT_OPTIMIZATION_LEVEL = "-O";
				VALIDATE_PRODUCT = YES;
			};
			name = Release;
		};
		E49B5F1B265853CC00B34CFF /* Debug */ = {
			isa = XCBuildConfiguration;
			buildSettings = {
				ASSETCATALOG_COMPILER_APPICON_NAME = AppIcon;
				ASSETCATALOG_COMPILER_GLOBAL_ACCENT_COLOR_NAME = AccentColor;
				CODE_SIGN_STYLE = Automatic;
				DEVELOPMENT_TEAM = 5UJB27KNU5;
				INFOPLIST_FILE = Climba/Info.plist;
				LD_RUNPATH_SEARCH_PATHS = (
					"$(inherited)",
					"@executable_path/Frameworks",
				);
				PRODUCT_BUNDLE_IDENTIFIER = com.sonisuman.Climba;
				PRODUCT_NAME = "$(TARGET_NAME)";
				SWIFT_VERSION = 5.0;
				TARGETED_DEVICE_FAMILY = "1,2";
			};
			name = Debug;
		};
		E49B5F1C265853CC00B34CFF /* Release */ = {
			isa = XCBuildConfiguration;
			buildSettings = {
				ASSETCATALOG_COMPILER_APPICON_NAME = AppIcon;
				ASSETCATALOG_COMPILER_GLOBAL_ACCENT_COLOR_NAME = AccentColor;
				CODE_SIGN_STYLE = Automatic;
				DEVELOPMENT_TEAM = 5UJB27KNU5;
				INFOPLIST_FILE = Climba/Info.plist;
				LD_RUNPATH_SEARCH_PATHS = (
					"$(inherited)",
					"@executable_path/Frameworks",
				);
				PRODUCT_BUNDLE_IDENTIFIER = com.sonisuman.Climba;
				PRODUCT_NAME = "$(TARGET_NAME)";
				SWIFT_VERSION = 5.0;
				TARGETED_DEVICE_FAMILY = "1,2";
			};
			name = Release;
		};
		E49B5F1E265853CC00B34CFF /* Debug */ = {
			isa = XCBuildConfiguration;
			buildSettings = {
				ALWAYS_EMBED_SWIFT_STANDARD_LIBRARIES = YES;
				BUNDLE_LOADER = "$(TEST_HOST)";
				CODE_SIGN_STYLE = Automatic;
				DEVELOPMENT_TEAM = 5UJB27KNU5;
				INFOPLIST_FILE = ClimbaTests/Info.plist;
				IPHONEOS_DEPLOYMENT_TARGET = 14.5;
				LD_RUNPATH_SEARCH_PATHS = (
					"$(inherited)",
					"@executable_path/Frameworks",
					"@loader_path/Frameworks",
				);
				PRODUCT_BUNDLE_IDENTIFIER = com.sonisuman.ClimbaTests;
				PRODUCT_NAME = "$(TARGET_NAME)";
				SWIFT_VERSION = 5.0;
				TARGETED_DEVICE_FAMILY = "1,2";
				TEST_HOST = "$(BUILT_PRODUCTS_DIR)/Climba.app/Climba";
			};
			name = Debug;
		};
		E49B5F1F265853CC00B34CFF /* Release */ = {
			isa = XCBuildConfiguration;
			buildSettings = {
				ALWAYS_EMBED_SWIFT_STANDARD_LIBRARIES = YES;
				BUNDLE_LOADER = "$(TEST_HOST)";
				CODE_SIGN_STYLE = Automatic;
				DEVELOPMENT_TEAM = 5UJB27KNU5;
				INFOPLIST_FILE = ClimbaTests/Info.plist;
				IPHONEOS_DEPLOYMENT_TARGET = 14.5;
				LD_RUNPATH_SEARCH_PATHS = (
					"$(inherited)",
					"@executable_path/Frameworks",
					"@loader_path/Frameworks",
				);
				PRODUCT_BUNDLE_IDENTIFIER = com.sonisuman.ClimbaTests;
				PRODUCT_NAME = "$(TARGET_NAME)";
				SWIFT_VERSION = 5.0;
				TARGETED_DEVICE_FAMILY = "1,2";
				TEST_HOST = "$(BUILT_PRODUCTS_DIR)/Climba.app/Climba";
			};
			name = Release;
		};
		E49B5F21265853CC00B34CFF /* Debug */ = {
			isa = XCBuildConfiguration;
			buildSettings = {
				ALWAYS_EMBED_SWIFT_STANDARD_LIBRARIES = YES;
				CODE_SIGN_STYLE = Automatic;
				DEVELOPMENT_TEAM = 5UJB27KNU5;
				INFOPLIST_FILE = ClimbaUITests/Info.plist;
				LD_RUNPATH_SEARCH_PATHS = (
					"$(inherited)",
					"@executable_path/Frameworks",
					"@loader_path/Frameworks",
				);
				PRODUCT_BUNDLE_IDENTIFIER = com.sonisuman.ClimbaUITests;
				PRODUCT_NAME = "$(TARGET_NAME)";
				SWIFT_VERSION = 5.0;
				TARGETED_DEVICE_FAMILY = "1,2";
				TEST_TARGET_NAME = Climba;
			};
			name = Debug;
		};
		E49B5F22265853CC00B34CFF /* Release */ = {
			isa = XCBuildConfiguration;
			buildSettings = {
				ALWAYS_EMBED_SWIFT_STANDARD_LIBRARIES = YES;
				CODE_SIGN_STYLE = Automatic;
				DEVELOPMENT_TEAM = 5UJB27KNU5;
				INFOPLIST_FILE = ClimbaUITests/Info.plist;
				LD_RUNPATH_SEARCH_PATHS = (
					"$(inherited)",
					"@executable_path/Frameworks",
					"@loader_path/Frameworks",
				);
				PRODUCT_BUNDLE_IDENTIFIER = com.sonisuman.ClimbaUITests;
				PRODUCT_NAME = "$(TARGET_NAME)";
				SWIFT_VERSION = 5.0;
				TARGETED_DEVICE_FAMILY = "1,2";
				TEST_TARGET_NAME = Climba;
			};
			name = Release;
		};
/* End XCBuildConfiguration section */

/* Begin XCConfigurationList section */
		E49B5EE8265853C700B34CFF /* Build configuration list for PBXProject "Climba" */ = {
			isa = XCConfigurationList;
			buildConfigurations = (
				E49B5F18265853CC00B34CFF /* Debug */,
				E49B5F19265853CC00B34CFF /* Release */,
			);
			defaultConfigurationIsVisible = 0;
			defaultConfigurationName = Release;
		};
		E49B5F1A265853CC00B34CFF /* Build configuration list for PBXNativeTarget "Climba" */ = {
			isa = XCConfigurationList;
			buildConfigurations = (
				E49B5F1B265853CC00B34CFF /* Debug */,
				E49B5F1C265853CC00B34CFF /* Release */,
			);
			defaultConfigurationIsVisible = 0;
			defaultConfigurationName = Release;
		};
		E49B5F1D265853CC00B34CFF /* Build configuration list for PBXNativeTarget "ClimbaTests" */ = {
			isa = XCConfigurationList;
			buildConfigurations = (
				E49B5F1E265853CC00B34CFF /* Debug */,
				E49B5F1F265853CC00B34CFF /* Release */,
			);
			defaultConfigurationIsVisible = 0;
			defaultConfigurationName = Release;
		};
		E49B5F20265853CC00B34CFF /* Build configuration list for PBXNativeTarget "ClimbaUITests" */ = {
			isa = XCConfigurationList;
			buildConfigurations = (
				E49B5F21265853CC00B34CFF /* Debug */,
				E49B5F22265853CC00B34CFF /* Release */,
			);
			defaultConfigurationIsVisible = 0;
			defaultConfigurationName = Release;
		};
/* End XCConfigurationList section */

/* Begin XCVersionGroup section */
		E49B5EF9265853C700B34CFF /* Climba.xcdatamodeld */ = {
			isa = XCVersionGroup;
			children = (
				E49B5EFA265853C700B34CFF /* Climba.xcdatamodel */,
			);
			currentVersion = E49B5EFA265853C700B34CFF /* Climba.xcdatamodel */;
			path = Climba.xcdatamodeld;
			sourceTree = "<group>";
			versionGroupType = wrapper.xcdatamodel;
		};
/* End XCVersionGroup section */
	};
	rootObject = E49B5EE5265853C700B34CFF /* Project object */;
}
