// !$*UTF8*$!
{
	archiveVersion = 1;
	classes = {
	};
	objectVersion = 50;
	objects = {

/* Begin PBXBuildFile section */
		E4E9F088266C356100DADD2E /* AppDelegate.swift in Sources */ = {isa = PBXBuildFile; fileRef = E4E9F087266C356100DADD2E /* AppDelegate.swift */; };
		E4E9F08A266C356100DADD2E /* SceneDelegate.swift in Sources */ = {isa = PBXBuildFile; fileRef = E4E9F089266C356100DADD2E /* SceneDelegate.swift */; };
		E4E9F08F266C356100DADD2E /* Main.storyboard in Resources */ = {isa = PBXBuildFile; fileRef = E4E9F08D266C356100DADD2E /* Main.storyboard */; };
		E4E9F092266C356100DADD2E /* CoreDataSample.xcdatamodeld in Sources */ = {isa = PBXBuildFile; fileRef = E4E9F090266C356100DADD2E /* CoreDataSample.xcdatamodeld */; };
		E4E9F094266C356500DADD2E /* Assets.xcassets in Resources */ = {isa = PBXBuildFile; fileRef = E4E9F093266C356500DADD2E /* Assets.xcassets */; };
		E4E9F097266C356500DADD2E /* LaunchScreen.storyboard in Resources */ = {isa = PBXBuildFile; fileRef = E4E9F095266C356500DADD2E /* LaunchScreen.storyboard */; };
		E4E9F0A3266C371F00DADD2E /* CategoryViewController.swift in Sources */ = {isa = PBXBuildFile; fileRef = E4E9F0A2266C371F00DADD2E /* CategoryViewController.swift */; };
		E4E9F0A5266C373300DADD2E /* TodoListViewController.swift in Sources */ = {isa = PBXBuildFile; fileRef = E4E9F0A4266C373300DADD2E /* TodoListViewController.swift */; };
/* End PBXBuildFile section */

/* Begin PBXFileReference section */
		E4E9F084266C356100DADD2E /* CoreDataSample.app */ = {isa = PBXFileReference; explicitFileType = wrapper.application; includeInIndex = 0; path = CoreDataSample.app; sourceTree = BUILT_PRODUCTS_DIR; };
		E4E9F087266C356100DADD2E /* AppDelegate.swift */ = {isa = PBXFileReference; lastKnownFileType = sourcecode.swift; path = AppDelegate.swift; sourceTree = "<group>"; };
		E4E9F089266C356100DADD2E /* SceneDelegate.swift */ = {isa = PBXFileReference; lastKnownFileType = sourcecode.swift; path = SceneDelegate.swift; sourceTree = "<group>"; };
		E4E9F08E266C356100DADD2E /* Base */ = {isa = PBXFileReference; lastKnownFileType = file.storyboard; name = Base; path = Base.lproj/Main.storyboard; sourceTree = "<group>"; };
		E4E9F091266C356100DADD2E /* CoreDataSample.xcdatamodel */ = {isa = PBXFileReference; lastKnownFileType = wrapper.xcdatamodel; path = CoreDataSample.xcdatamodel; sourceTree = "<group>"; };
		E4E9F093266C356500DADD2E /* Assets.xcassets */ = {isa = PBXFileReference; lastKnownFileType = folder.assetcatalog; path = Assets.xcassets; sourceTree = "<group>"; };
		E4E9F096266C356500DADD2E /* Base */ = {isa = PBXFileReference; lastKnownFileType = file.storyboard; name = Base; path = Base.lproj/LaunchScreen.storyboard; sourceTree = "<group>"; };
		E4E9F098266C356500DADD2E /* Info.plist */ = {isa = PBXFileReference; lastKnownFileType = text.plist.xml; path = Info.plist; sourceTree = "<group>"; };
		E4E9F0A2266C371F00DADD2E /* CategoryViewController.swift */ = {isa = PBXFileReference; lastKnownFileType = sourcecode.swift; path = CategoryViewController.swift; sourceTree = "<group>"; };
		E4E9F0A4266C373300DADD2E /* TodoListViewController.swift */ = {isa = PBXFileReference; lastKnownFileType = sourcecode.swift; path = TodoListViewController.swift; sourceTree = "<group>"; };
/* End PBXFileReference section */

/* Begin PBXFrameworksBuildPhase section */
		E4E9F081266C356100DADD2E /* Frameworks */ = {
			isa = PBXFrameworksBuildPhase;
			buildActionMask = 2147483647;
			files = (
			);
			runOnlyForDeploymentPostprocessing = 0;
		};
/* End PBXFrameworksBuildPhase section */

/* Begin PBXGroup section */
		E4E9F07B266C356100DADD2E = {
			isa = PBXGroup;
			children = (
				E4E9F086266C356100DADD2E /* CoreDataSample */,
				E4E9F085266C356100DADD2E /* Products */,
			);
			sourceTree = "<group>";
		};
		E4E9F085266C356100DADD2E /* Products */ = {
			isa = PBXGroup;
			children = (
				E4E9F084266C356100DADD2E /* CoreDataSample.app */,
			);
			name = Products;
			sourceTree = "<group>";
		};
		E4E9F086266C356100DADD2E /* CoreDataSample */ = {
			isa = PBXGroup;
			children = (
				E4E9F0A1266C36E300DADD2E /* Supporting Files */,
				E4E9F0A0266C36D300DADD2E /* Model */,
				E4E9F09F266C36CA00DADD2E /* Controllers */,
				E4E9F09E266C36C200DADD2E /* Views */,
				E4E9F098266C356500DADD2E /* Info.plist */,
			);
			path = CoreDataSample;
			sourceTree = "<group>";
		};
		E4E9F09E266C36C200DADD2E /* Views */ = {
			isa = PBXGroup;
			children = (
				E4E9F095266C356500DADD2E /* LaunchScreen.storyboard */,
				E4E9F08D266C356100DADD2E /* Main.storyboard */,
			);
			path = Views;
			sourceTree = "<group>";
		};
		E4E9F09F266C36CA00DADD2E /* Controllers */ = {
			isa = PBXGroup;
			children = (
				E4E9F0A2266C371F00DADD2E /* CategoryViewController.swift */,
				E4E9F0A4266C373300DADD2E /* TodoListViewController.swift */,
			);
			path = Controllers;
			sourceTree = "<group>";
		};
		E4E9F0A0266C36D300DADD2E /* Model */ = {
			isa = PBXGroup;
			children = (
				E4E9F090266C356100DADD2E /* CoreDataSample.xcdatamodeld */,
			);
			path = Model;
			sourceTree = "<group>";
		};
		E4E9F0A1266C36E300DADD2E /* Supporting Files */ = {
			isa = PBXGroup;
			children = (
				E4E9F089266C356100DADD2E /* SceneDelegate.swift */,
				E4E9F087266C356100DADD2E /* AppDelegate.swift */,
				E4E9F093266C356500DADD2E /* Assets.xcassets */,
			);
			path = "Supporting Files";
			sourceTree = "<group>";
		};
/* End PBXGroup section */

/* Begin PBXNativeTarget section */
		E4E9F083266C356100DADD2E /* CoreDataSample */ = {
			isa = PBXNativeTarget;
			buildConfigurationList = E4E9F09B266C356500DADD2E /* Build configuration list for PBXNativeTarget "CoreDataSample" */;
			buildPhases = (
				E4E9F080266C356100DADD2E /* Sources */,
				E4E9F081266C356100DADD2E /* Frameworks */,
				E4E9F082266C356100DADD2E /* Resources */,
			);
			buildRules = (
			);
			dependencies = (
			);
			name = CoreDataSample;
			productName = CoreDataSample;
			productReference = E4E9F084266C356100DADD2E /* CoreDataSample.app */;
			productType = "com.apple.product-type.application";
		};
/* End PBXNativeTarget section */

/* Begin PBXProject section */
		E4E9F07C266C356100DADD2E /* Project object */ = {
			isa = PBXProject;
			attributes = {
				LastSwiftUpdateCheck = 1250;
				LastUpgradeCheck = 1250;
				TargetAttributes = {
					E4E9F083266C356100DADD2E = {
						CreatedOnToolsVersion = 12.5;
					};
				};
			};
			buildConfigurationList = E4E9F07F266C356100DADD2E /* Build configuration list for PBXProject "CoreDataSample" */;
			compatibilityVersion = "Xcode 9.3";
			developmentRegion = en;
			hasScannedForEncodings = 0;
			knownRegions = (
				en,
				Base,
			);
			mainGroup = E4E9F07B266C356100DADD2E;
			productRefGroup = E4E9F085266C356100DADD2E /* Products */;
			projectDirPath = "";
			projectRoot = "";
			targets = (
				E4E9F083266C356100DADD2E /* CoreDataSample */,
			);
		};
/* End PBXProject section */

/* Begin PBXResourcesBuildPhase section */
		E4E9F082266C356100DADD2E /* Resources */ = {
			isa = PBXResourcesBuildPhase;
			buildActionMask = 2147483647;
			files = (
				E4E9F097266C356500DADD2E /* LaunchScreen.storyboard in Resources */,
				E4E9F094266C356500DADD2E /* Assets.xcassets in Resources */,
				E4E9F08F266C356100DADD2E /* Main.storyboard in Resources */,
			);
			runOnlyForDeploymentPostprocessing = 0;
		};
/* End PBXResourcesBuildPhase section */

/* Begin PBXSourcesBuildPhase section */
		E4E9F080266C356100DADD2E /* Sources */ = {
			isa = PBXSourcesBuildPhase;
			buildActionMask = 2147483647;
			files = (
				E4E9F0A3266C371F00DADD2E /* CategoryViewController.swift in Sources */,
				E4E9F092266C356100DADD2E /* CoreDataSample.xcdatamodeld in Sources */,
				E4E9F088266C356100DADD2E /* AppDelegate.swift in Sources */,
				E4E9F08A266C356100DADD2E /* SceneDelegate.swift in Sources */,
				E4E9F0A5266C373300DADD2E /* TodoListViewController.swift in Sources */,
			);
			runOnlyForDeploymentPostprocessing = 0;
		};
/* End PBXSourcesBuildPhase section */

/* Begin PBXVariantGroup section */
		E4E9F08D266C356100DADD2E /* Main.storyboard */ = {
			isa = PBXVariantGroup;
			children = (
				E4E9F08E266C356100DADD2E /* Base */,
			);
			name = Main.storyboard;
			sourceTree = "<group>";
		};
		E4E9F095266C356500DADD2E /* LaunchScreen.storyboard */ = {
			isa = PBXVariantGroup;
			children = (
				E4E9F096266C356500DADD2E /* Base */,
			);
			name = LaunchScreen.storyboard;
			sourceTree = "<group>";
		};
/* End PBXVariantGroup section */

/* Begin XCBuildConfiguration section */
		E4E9F099266C356500DADD2E /* Debug */ = {
			isa = XCBuildConfiguration;
			buildSettings = {
				ALWAYS_SEARCH_USER_PATHS = NO;
				CLANG_ANALYZER_NONNULL = YES;
				CLANG_ANALYZER_NUMBER_OBJECT_CONVERSION = YES_AGGRESSIVE;
				CLANG_CXX_LANGUAGE_STANDARD = "gnu++14";
				CLANG_CXX_LIBRARY = "libc++";
				CLANG_ENABLE_MODULES = YES;
				CLANG_ENABLE_OBJC_ARC = YES;
				CLANG_ENABLE_OBJC_WEAK = YES;
				CLANG_WARN_BLOCK_CAPTURE_AUTORELEASING = YES;
				CLANG_WARN_BOOL_CONVERSION = YES;
				CLANG_WARN_COMMA = YES;
				CLANG_WARN_CONSTANT_CONVERSION = YES;
				CLANG_WARN_DEPRECATED_OBJC_IMPLEMENTATIONS = YES;
				CLANG_WARN_DIRECT_OBJC_ISA_USAGE = YES_ERROR;
				CLANG_WARN_DOCUMENTATION_COMMENTS = YES;
				CLANG_WARN_EMPTY_BODY = YES;
				CLANG_WARN_ENUM_CONVERSION = YES;
				CLANG_WARN_INFINITE_RECURSION = YES;
				CLANG_WARN_INT_CONVERSION = YES;
				CLANG_WARN_NON_LITERAL_NULL_CONVERSION = YES;
				CLANG_WARN_OBJC_IMPLICIT_RETAIN_SELF = YES;
				CLANG_WARN_OBJC_LITERAL_CONVERSION = YES;
				CLANG_WARN_OBJC_ROOT_CLASS = YES_ERROR;
				CLANG_WARN_QUOTED_INCLUDE_IN_FRAMEWORK_HEADER = YES;
				CLANG_WARN_RANGE_LOOP_ANALYSIS = YES;
				CLANG_WARN_STRICT_PROTOTYPES = YES;
				CLANG_WARN_SUSPICIOUS_MOVE = YES;
				CLANG_WARN_UNGUARDED_AVAILABILITY = YES_AGGRESSIVE;
				CLANG_WARN_UNREACHABLE_CODE = YES;
				CLANG_WARN__DUPLICATE_METHOD_MATCH = YES;
				COPY_PHASE_STRIP = NO;
				DEBUG_INFORMATION_FORMAT = dwarf;
				ENABLE_STRICT_OBJC_MSGSEND = YES;
				ENABLE_TESTABILITY = YES;
				GCC_C_LANGUAGE_STANDARD = gnu11;
				GCC_DYNAMIC_NO_PIC = NO;
				GCC_NO_COMMON_BLOCKS = YES;
				GCC_OPTIMIZATION_LEVEL = 0;
				GCC_PREPROCESSOR_DEFINITIONS = (
					"DEBUG=1",
					"$(inherited)",
				);
				GCC_WARN_64_TO_32_BIT_CONVERSION = YES;
				GCC_WARN_ABOUT_RETURN_TYPE = YES_ERROR;
				GCC_WARN_UNDECLARED_SELECTOR = YES;
				GCC_WARN_UNINITIALIZED_AUTOS = YES_AGGRESSIVE;
				GCC_WARN_UNUSED_FUNCTION = YES;
				GCC_WARN_UNUSED_VARIABLE = YES;
				IPHONEOS_DEPLOYMENT_TARGET = 14.5;
				MTL_ENABLE_DEBUG_INFO = INCLUDE_SOURCE;
				MTL_FAST_MATH = YES;
				ONLY_ACTIVE_ARCH = YES;
				SDKROOT = iphoneos;
				SWIFT_ACTIVE_COMPILATION_CONDITIONS = DEBUG;
				SWIFT_OPTIMIZATION_LEVEL = "-Onone";
			};
			name = Debug;
		};
		E4E9F09A266C356500DADD2E /* Release */ = {
			isa = XCBuildConfiguration;
			buildSettings = {
				ALWAYS_SEARCH_USER_PATHS = NO;
				CLANG_ANALYZER_NONNULL = YES;
				CLANG_ANALYZER_NUMBER_OBJECT_CONVERSION = YES_AGGRESSIVE;
				CLANG_CXX_LANGUAGE_STANDARD = "gnu++14";
				CLANG_CXX_LIBRARY = "libc++";
				CLANG_ENABLE_MODULES = YES;
				CLANG_ENABLE_OBJC_ARC = YES;
				CLANG_ENABLE_OBJC_WEAK = YES;
				CLANG_WARN_BLOCK_CAPTURE_AUTORELEASING = YES;
				CLANG_WARN_BOOL_CONVERSION = YES;
				CLANG_WARN_COMMA = YES;
				CLANG_WARN_CONSTANT_CONVERSION = YES;
				CLANG_WARN_DEPRECATED_OBJC_IMPLEMENTATIONS = YES;
				CLANG_WARN_DIRECT_OBJC_ISA_USAGE = YES_ERROR;
				CLANG_WARN_DOCUMENTATION_COMMENTS = YES;
				CLANG_WARN_EMPTY_BODY = YES;
				CLANG_WARN_ENUM_CONVERSION = YES;
				CLANG_WARN_INFINITE_RECURSION = YES;
				CLANG_WARN_INT_CONVERSION = YES;
				CLANG_WARN_NON_LITERAL_NULL_CONVERSION = YES;
				CLANG_WARN_OBJC_IMPLICIT_RETAIN_SELF = YES;
				CLANG_WARN_OBJC_LITERAL_CONVERSION = YES;
				CLANG_WARN_OBJC_ROOT_CLASS = YES_ERROR;
				CLANG_WARN_QUOTED_INCLUDE_IN_FRAMEWORK_HEADER = YES;
				CLANG_WARN_RANGE_LOOP_ANALYSIS = YES;
				CLANG_WARN_STRICT_PROTOTYPES = YES;
				CLANG_WARN_SUSPICIOUS_MOVE = YES;
				CLANG_WARN_UNGUARDED_AVAILABILITY = YES_AGGRESSIVE;
				CLANG_WARN_UNREACHABLE_CODE = YES;
				CLANG_WARN__DUPLICATE_METHOD_MATCH = YES;
				COPY_PHASE_STRIP = NO;
				DEBUG_INFORMATION_FORMAT = "dwarf-with-dsym";
				ENABLE_NS_ASSERTIONS = NO;
				ENABLE_STRICT_OBJC_MSGSEND = YES;
				GCC_C_LANGUAGE_STANDARD = gnu11;
				GCC_NO_COMMON_BLOCKS = YES;
				GCC_WARN_64_TO_32_BIT_CONVERSION = YES;
				GCC_WARN_ABOUT_RETURN_TYPE = YES_ERROR;
				GCC_WARN_UNDECLARED_SELECTOR = YES;
				GCC_WARN_UNINITIALIZED_AUTOS = YES_AGGRESSIVE;
				GCC_WARN_UNUSED_FUNCTION = YES;
				GCC_WARN_UNUSED_VARIABLE = YES;
				IPHONEOS_DEPLOYMENT_TARGET = 14.5;
				MTL_ENABLE_DEBUG_INFO = NO;
				MTL_FAST_MATH = YES;
				SDKROOT = iphoneos;
				SWIFT_COMPILATION_MODE = wholemodule;
				SWIFT_OPTIMIZATION_LEVEL = "-O";
				VALIDATE_PRODUCT = YES;
			};
			name = Release;
		};
		E4E9F09C266C356500DADD2E /* Debug */ = {
			isa = XCBuildConfiguration;
			buildSettings = {
				ASSETCATALOG_COMPILER_APPICON_NAME = AppIcon;
				ASSETCATALOG_COMPILER_GLOBAL_ACCENT_COLOR_NAME = AccentColor;
				CODE_SIGN_STYLE = Automatic;
				DEVELOPMENT_TEAM = 5UJB27KNU5;
				INFOPLIST_FILE = CoreDataSample/Info.plist;
				LD_RUNPATH_SEARCH_PATHS = (
					"$(inherited)",
					"@executable_path/Frameworks",
				);
				PRODUCT_BUNDLE_IDENTIFIER = com.sonisuman.CoreDataSample;
				PRODUCT_NAME = "$(TARGET_NAME)";
				SWIFT_VERSION = 5.0;
				TARGETED_DEVICE_FAMILY = "1,2";
			};
			name = Debug;
		};
		E4E9F09D266C356500DADD2E /* Release */ = {
			isa = XCBuildConfiguration;
			buildSettings = {
				ASSETCATALOG_COMPILER_APPICON_NAME = AppIcon;
				ASSETCATALOG_COMPILER_GLOBAL_ACCENT_COLOR_NAME = AccentColor;
				CODE_SIGN_STYLE = Automatic;
				DEVELOPMENT_TEAM = 5UJB27KNU5;
				INFOPLIST_FILE = CoreDataSample/Info.plist;
				LD_RUNPATH_SEARCH_PATHS = (
					"$(inherited)",
					"@executable_path/Frameworks",
				);
				PRODUCT_BUNDLE_IDENTIFIER = com.sonisuman.CoreDataSample;
				PRODUCT_NAME = "$(TARGET_NAME)";
				SWIFT_VERSION = 5.0;
				TARGETED_DEVICE_FAMILY = "1,2";
			};
			name = Release;
		};
/* End XCBuildConfiguration section */

/* Begin XCConfigurationList section */
		E4E9F07F266C356100DADD2E /* Build configuration list for PBXProject "CoreDataSample" */ = {
			isa = XCConfigurationList;
			buildConfigurations = (
				E4E9F099266C356500DADD2E /* Debug */,
				E4E9F09A266C356500DADD2E /* Release */,
			);
			defaultConfigurationIsVisible = 0;
			defaultConfigurationName = Release;
		};
		E4E9F09B266C356500DADD2E /* Build configuration list for PBXNativeTarget "CoreDataSample" */ = {
			isa = XCConfigurationList;
			buildConfigurations = (
				E4E9F09C266C356500DADD2E /* Debug */,
				E4E9F09D266C356500DADD2E /* Release */,
			);
			defaultConfigurationIsVisible = 0;
			defaultConfigurationName = Release;
		};
/* End XCConfigurationList section */

/* Begin XCVersionGroup section */
		E4E9F090266C356100DADD2E /* CoreDataSample.xcdatamodeld */ = {
			isa = XCVersionGroup;
			children = (
				E4E9F091266C356100DADD2E /* CoreDataSample.xcdatamodel */,
			);
			currentVersion = E4E9F091266C356100DADD2E /* CoreDataSample.xcdatamodel */;
			path = CoreDataSample.xcdatamodeld;
			sourceTree = "<group>";
			versionGroupType = wrapper.xcdatamodel;
		};
/* End XCVersionGroup section */
	};
	rootObject = E4E9F07C266C356100DADD2E /* Project object */;
}
